// !$*UTF8*$!
{
	archiveVersion = 1;
	classes = {
	};
	objectVersion = 50;
	objects = {

/* Begin PBXBuildFile section */
		BAB5455421895CDB00D78DCA /* AppDelegate.swift in Sources */ = {isa = PBXBuildFile; fileRef = BAB5455321895CDB00D78DCA /* AppDelegate.swift */; };
		BAB5455621895CDB00D78DCA /* ViewController.swift in Sources */ = {isa = PBXBuildFile; fileRef = BAB5455521895CDB00D78DCA /* ViewController.swift */; };
		BAB5455921895CDB00D78DCA /* Main.storyboard in Resources */ = {isa = PBXBuildFile; fileRef = BAB5455721895CDB00D78DCA /* Main.storyboard */; };
		BAB5455B21895CDC00D78DCA /* Assets.xcassets in Resources */ = {isa = PBXBuildFile; fileRef = BAB5455A21895CDC00D78DCA /* Assets.xcassets */; };
		BAB5455E21895CDC00D78DCA /* LaunchScreen.storyboard in Resources */ = {isa = PBXBuildFile; fileRef = BAB5455C21895CDC00D78DCA /* LaunchScreen.storyboard */; };
		BAB5458A218A954800D78DCA /* basket.jpg in Resources */ = {isa = PBXBuildFile; fileRef = BAB54587218A954700D78DCA /* basket.jpg */; };
		BAB5458B218A954800D78DCA /* video.jpeg in Resources */ = {isa = PBXBuildFile; fileRef = BAB54588218A954800D78DCA /* video.jpeg */; };
		BAB5458C218A954800D78DCA /* soccer.jpeg in Resources */ = {isa = PBXBuildFile; fileRef = BAB54589218A954800D78DCA /* soccer.jpeg */; };
/* End PBXBuildFile section */

/* Begin PBXFileReference section */
		BAB5455021895CDB00D78DCA /* iquiz.app */ = {isa = PBXFileReference; explicitFileType = wrapper.application; includeInIndex = 0; path = iquiz.app; sourceTree = BUILT_PRODUCTS_DIR; };
		BAB5455321895CDB00D78DCA /* AppDelegate.swift */ = {isa = PBXFileReference; lastKnownFileType = sourcecode.swift; path = AppDelegate.swift; sourceTree = "<group>"; };
		BAB5455521895CDB00D78DCA /* ViewController.swift */ = {isa = PBXFileReference; lastKnownFileType = sourcecode.swift; path = ViewController.swift; sourceTree = "<group>"; };
		BAB5455821895CDB00D78DCA /* Base */ = {isa = PBXFileReference; lastKnownFileType = file.storyboard; name = Base; path = Base.lproj/Main.storyboard; sourceTree = "<group>"; };
		BAB5455A21895CDC00D78DCA /* Assets.xcassets */ = {isa = PBXFileReference; lastKnownFileType = folder.assetcatalog; path = Assets.xcassets; sourceTree = "<group>"; };
		BAB5455D21895CDC00D78DCA /* Base */ = {isa = PBXFileReference; lastKnownFileType = file.storyboard; name = Base; path = Base.lproj/LaunchScreen.storyboard; sourceTree = "<group>"; };
		BAB5455F21895CDC00D78DCA /* Info.plist */ = {isa = PBXFileReference; lastKnownFileType = text.plist.xml; path = Info.plist; sourceTree = "<group>"; };
		BAB54587218A954700D78DCA /* basket.jpg */ = {isa = PBXFileReference; lastKnownFileType = image.jpeg; path = basket.jpg; sourceTree = "<group>"; };
		BAB54588218A954800D78DCA /* video.jpeg */ = {isa = PBXFileReference; lastKnownFileType = image.jpeg; path = video.jpeg; sourceTree = "<group>"; };
		BAB54589218A954800D78DCA /* soccer.jpeg */ = {isa = PBXFileReference; lastKnownFileType = image.jpeg; path = soccer.jpeg; sourceTree = "<group>"; };
/* End PBXFileReference section */

/* Begin PBXFrameworksBuildPhase section */
		BAB5454D21895CDB00D78DCA /* Frameworks */ = {
			isa = PBXFrameworksBuildPhase;
			buildActionMask = 2147483647;
			files = (
			);
			runOnlyForDeploymentPostprocessing = 0;
		};
/* End PBXFrameworksBuildPhase section */

/* Begin PBXGroup section */
		BAB5454721895CDB00D78DCA = {
			isa = PBXGroup;
			children = (
				BAB5455221895CDB00D78DCA /* iquiz */,
				BAB5455121895CDB00D78DCA /* Products */,
			);
			sourceTree = "<group>";
		};
		BAB5455121895CDB00D78DCA /* Products */ = {
			isa = PBXGroup;
			children = (
				BAB5455021895CDB00D78DCA /* iquiz.app */,
			);
			name = Products;
			sourceTree = "<group>";
		};
		BAB5455221895CDB00D78DCA /* iquiz */ = {
			isa = PBXGroup;
			children = (
				BAB5455321895CDB00D78DCA /* AppDelegate.swift */,
				BAB5455521895CDB00D78DCA /* ViewController.swift */,
				BAB5455721895CDB00D78DCA /* Main.storyboard */,
				BAB54587218A954700D78DCA /* basket.jpg */,
				BAB54589218A954800D78DCA /* soccer.jpeg */,
				BAB54588218A954800D78DCA /* video.jpeg */,
				BAB5455A21895CDC00D78DCA /* Assets.xcassets */,
				BAB5455C21895CDC00D78DCA /* LaunchScreen.storyboard */,
				BAB5455F21895CDC00D78DCA /* Info.plist */,
			);
			path = iquiz;
			sourceTree = "<group>";
		};
/* End PBXGroup section */

/* Begin PBXNativeTarget section */
		BAB5454F21895CDB00D78DCA /* iquiz */ = {
			isa = PBXNativeTarget;
			buildConfigurationList = BAB5456221895CDC00D78DCA /* Build configuration list for PBXNativeTarget "iquiz" */;
			buildPhases = (
				BAB5454C21895CDB00D78DCA /* Sources */,
				BAB5454D21895CDB00D78DCA /* Frameworks */,
				BAB5454E21895CDB00D78DCA /* Resources */,
			);
			buildRules = (
			);
			dependencies = (
			);
			name = iquiz;
			productName = iquiz;
			productReference = BAB5455021895CDB00D78DCA /* iquiz.app */;
			productType = "com.apple.product-type.application";
		};
/* End PBXNativeTarget section */

/* Begin PBXProject section */
		BAB5454821895CDB00D78DCA /* Project object */ = {
			isa = PBXProject;
			attributes = {
				LastSwiftUpdateCheck = 1000;
				LastUpgradeCheck = 1000;
				ORGANIZATIONNAME = "Nicholas Olds";
				TargetAttributes = {
					BAB5454F21895CDB00D78DCA = {
						CreatedOnToolsVersion = 10.0;
					};
				};
			};
			buildConfigurationList = BAB5454B21895CDB00D78DCA /* Build configuration list for PBXProject "iquiz" */;
			compatibilityVersion = "Xcode 9.3";
			developmentRegion = en;
			hasScannedForEncodings = 0;
			knownRegions = (
				en,
				Base,
			);
			mainGroup = BAB5454721895CDB00D78DCA;
			productRefGroup = BAB5455121895CDB00D78DCA /* Products */;
			projectDirPath = "";
			projectRoot = "";
			targets = (
				BAB5454F21895CDB00D78DCA /* iquiz */,
			);
		};
/* End PBXProject section */

/* Begin PBXResourcesBuildPhase section */
		BAB5454E21895CDB00D78DCA /* Resources */ = {
			isa = PBXResourcesBuildPhase;
			buildActionMask = 2147483647;
			files = (
				BAB5455E21895CDC00D78DCA /* LaunchScreen.storyboard in Resources */,
				BAB5455B21895CDC00D78DCA /* Assets.xcassets in Resources */,
				BAB5455921895CDB00D78DCA /* Main.storyboard in Resources */,
				BAB5458B218A954800D78DCA /* video.jpeg in Resources */,
				BAB5458C218A954800D78DCA /* soccer.jpeg in Resources */,
				BAB5458A218A954800D78DCA /* basket.jpg in Resources */,
			);
			runOnlyForDeploymentPostprocessing = 0;
		};
/* End PBXResourcesBuildPhase section */

/* Begin PBXSourcesBuildPhase section */
		BAB5454C21895CDB00D78DCA /* Sources */ = {
			isa = PBXSourcesBuildPhase;
			buildActionMask = 2147483647;
			files = (
				BAB5455621895CDB00D78DCA /* ViewController.swift in Sources */,
				BAB5455421895CDB00D78DCA /* AppDelegate.swift in Sources */,
			);
			runOnlyForDeploymentPostprocessing = 0;
		};
/* End PBXSourcesBuildPhase section */

/* Begin PBXVariantGroup section */
		BAB5455721895CDB00D78DCA /* Main.storyboard */ = {
			isa = PBXVariantGroup;
			children = (
				BAB5455821895CDB00D78DCA /* Base */,
			);
			name = Main.storyboard;
			sourceTree = "<group>";
		};
		BAB5455C21895CDC00D78DCA /* LaunchScreen.storyboard */ = {
			isa = PBXVariantGroup;
			children = (
				BAB5455D21895CDC00D78DCA /* Base */,
			);
			name = LaunchScreen.storyboard;
			sourceTree = "<group>";
		};
/* End PBXVariantGroup section */

/* Begin XCBuildConfiguration section */
		BAB5456021895CDC00D78DCA /* Debug */ = {
			isa = XCBuildConfiguration;
			buildSettings = {
				ALWAYS_SEARCH_USER_PATHS = NO;
				CLANG_ANALYZER_NONNULL = YES;
				CLANG_ANALYZER_NUMBER_OBJECT_CONVERSION = YES_AGGRESSIVE;
				CLANG_CXX_LANGUAGE_STANDARD = "gnu++14";
				CLANG_CXX_LIBRARY = "libc++";
				CLANG_ENABLE_MODULES = YES;
				CLANG_ENABLE_OBJC_ARC = YES;
				CLANG_ENABLE_OBJC_WEAK = YES;
				CLANG_WARN_BLOCK_CAPTURE_AUTORELEASING = YES;
				CLANG_WARN_BOOL_CONVERSION = YES;
				CLANG_WARN_COMMA = YES;
				CLANG_WARN_CONSTANT_CONVERSION = YES;
				CLANG_WARN_DEPRECATED_OBJC_IMPLEMENTATIONS = YES;
				CLANG_WARN_DIRECT_OBJC_ISA_USAGE = YES_ERROR;
				CLANG_WARN_DOCUMENTATION_COMMENTS = YES;
				CLANG_WARN_EMPTY_BODY = YES;
				CLANG_WARN_ENUM_CONVERSION = YES;
				CLANG_WARN_INFINITE_RECURSION = YES;
				CLANG_WARN_INT_CONVERSION = YES;
				CLANG_WARN_NON_LITERAL_NULL_CONVERSION = YES;
				CLANG_WARN_OBJC_IMPLICIT_RETAIN_SELF = YES;
				CLANG_WARN_OBJC_LITERAL_CONVERSION = YES;
				CLANG_WARN_OBJC_ROOT_CLASS = YES_ERROR;
				CLANG_WARN_RANGE_LOOP_ANALYSIS = YES;
				CLANG_WARN_STRICT_PROTOTYPES = YES;
				CLANG_WARN_SUSPICIOUS_MOVE = YES;
				CLANG_WARN_UNGUARDED_AVAILABILITY = YES_AGGRESSIVE;
				CLANG_WARN_UNREACHABLE_CODE = YES;
				CLANG_WARN__DUPLICATE_METHOD_MATCH = YES;
				CODE_SIGN_IDENTITY = "iPhone Developer";
				COPY_PHASE_STRIP = NO;
				DEBUG_INFORMATION_FORMAT = dwarf;
				ENABLE_STRICT_OBJC_MSGSEND = YES;
				ENABLE_TESTABILITY = YES;
				GCC_C_LANGUAGE_STANDARD = gnu11;
				GCC_DYNAMIC_NO_PIC = NO;
				GCC_NO_COMMON_BLOCKS = YES;
				GCC_OPTIMIZATION_LEVEL = 0;
				GCC_PREPROCESSOR_DEFINITIONS = (
					"DEBUG=1",
					"$(inherited)",
				);
				GCC_WARN_64_TO_32_BIT_CONVERSION = YES;
				GCC_WARN_ABOUT_RETURN_TYPE = YES_ERROR;
				GCC_WARN_UNDECLARED_SELECTOR = YES;
				GCC_WARN_UNINITIALIZED_AUTOS = YES_AGGRESSIVE;
				GCC_WARN_UNUSED_FUNCTION = YES;
				GCC_WARN_UNUSED_VARIABLE = YES;
				IPHONEOS_DEPLOYMENT_TARGET = 12.0;
				MTL_ENABLE_DEBUG_INFO = INCLUDE_SOURCE;
				MTL_FAST_MATH = YES;
				ONLY_ACTIVE_ARCH = YES;
				SDKROOT = iphoneos;
				SWIFT_ACTIVE_COMPILATION_CONDITIONS = DEBUG;
				SWIFT_OPTIMIZATION_LEVEL = "-Onone";
			};
			name = Debug;
		};
		BAB5456121895CDC00D78DCA /* Release */ = {
			isa = XCBuildConfiguration;
			buildSettings = {
				ALWAYS_SEARCH_USER_PATHS = NO;
				CLANG_ANALYZER_NONNULL = YES;
				CLANG_ANALYZER_NUMBER_OBJECT_CONVERSION = YES_AGGRESSIVE;
				CLANG_CXX_LANGUAGE_STANDARD = "gnu++14";
				CLANG_CXX_LIBRARY = "libc++";
				CLANG_ENABLE_MODULES = YES;
				CLANG_ENABLE_OBJC_ARC = YES;
				CLANG_ENABLE_OBJC_WEAK = YES;
				CLANG_WARN_BLOCK_CAPTURE_AUTORELEASING = YES;
				CLANG_WARN_BOOL_CONVERSION = YES;
				CLANG_WARN_COMMA = YES;
				CLANG_WARN_CONSTANT_CONVERSION = YES;
				CLANG_WARN_DEPRECATED_OBJC_IMPLEMENTATIONS = YES;
				CLANG_WARN_DIRECT_OBJC_ISA_USAGE = YES_ERROR;
				CLANG_WARN_DOCUMENTATION_COMMENTS = YES;
				CLANG_WARN_EMPTY_BODY = YES;
				CLANG_WARN_ENUM_CONVERSION = YES;
				CLANG_WARN_INFINITE_RECURSION = YES;
				CLANG_WARN_INT_CONVERSION = YES;
				CLANG_WARN_NON_LITERAL_NULL_CONVERSION = YES;
				CLANG_WARN_OBJC_IMPLICIT_RETAIN_SELF = YES;
				CLANG_WARN_OBJC_LITERAL_CONVERSION = YES;
				CLANG_WARN_OBJC_ROOT_CLASS = YES_ERROR;
				CLANG_WARN_RANGE_LOOP_ANALYSIS = YES;
				CLANG_WARN_STRICT_PROTOTYPES = YES;
				CLANG_WARN_SUSPICIOUS_MOVE = YES;
				CLANG_WARN_UNGUARDED_AVAILABILITY = YES_AGGRESSIVE;
				CLANG_WARN_UNREACHABLE_CODE = YES;
				CLANG_WARN__DUPLICATE_METHOD_MATCH = YES;
				CODE_SIGN_IDENTITY = "iPhone Developer";
				COPY_PHASE_STRIP = NO;
				DEBUG_INFORMATION_FORMAT = "dwarf-with-dsym";
				ENABLE_NS_ASSERTIONS = NO;
				ENABLE_STRICT_OBJC_MSGSEND = YES;
				GCC_C_LANGUAGE_STANDARD = gnu11;
				GCC_NO_COMMON_BLOCKS = YES;
				GCC_WARN_64_TO_32_BIT_CONVERSION = YES;
				GCC_WARN_ABOUT_RETURN_TYPE = YES_ERROR;
				GCC_WARN_UNDECLARED_SELECTOR = YES;
				GCC_WARN_UNINITIALIZED_AUTOS = YES_AGGRESSIVE;
				GCC_WARN_UNUSED_FUNCTION = YES;
				GCC_WARN_UNUSED_VARIABLE = YES;
				IPHONEOS_DEPLOYMENT_TARGET = 12.0;
				MTL_ENABLE_DEBUG_INFO = NO;
				MTL_FAST_MATH = YES;
				SDKROOT = iphoneos;
				SWIFT_COMPILATION_MODE = wholemodule;
				SWIFT_OPTIMIZATION_LEVEL = "-O";
				VALIDATE_PRODUCT = YES;
			};
			name = Release;
		};
		BAB5456321895CDC00D78DCA /* Debug */ = {
			isa = XCBuildConfiguration;
			buildSettings = {
				ASSETCATALOG_COMPILER_APPICON_NAME = AppIcon;
				CODE_SIGN_STYLE = Automatic;
				DEVELOPMENT_TEAM = JKMDW69Q4F;
				INFOPLIST_FILE = iquiz/Info.plist;
				LD_RUNPATH_SEARCH_PATHS = (
					"$(inherited)",
					"@executable_path/Frameworks",
				);
				PRODUCT_BUNDLE_IDENTIFIER = oldsn.edu.uw.ischool.iquiz;
				PRODUCT_NAME = "$(TARGET_NAME)";
				SWIFT_VERSION = 4.2;
				TARGETED_DEVICE_FAMILY = "1,2";
			};
			name = Debug;
		};
		BAB5456421895CDC00D78DCA /* Release */ = {
			isa = XCBuildConfiguration;
			buildSettings = {
				ASSETCATALOG_COMPILER_APPICON_NAME = AppIcon;
				CODE_SIGN_STYLE = Automatic;
				DEVELOPMENT_TEAM = JKMDW69Q4F;
				INFOPLIST_FILE = iquiz/Info.plist;
				LD_RUNPATH_SEARCH_PATHS = (
					"$(inherited)",
					"@executable_path/Frameworks",
				);
				PRODUCT_BUNDLE_IDENTIFIER = oldsn.edu.uw.ischool.iquiz;
				PRODUCT_NAME = "$(TARGET_NAME)";
				SWIFT_VERSION = 4.2;
				TARGETED_DEVICE_FAMILY = "1,2";
			};
			name = Release;
		};
/* End XCBuildConfiguration section */

/* Begin XCConfigurationList section */
		BAB5454B21895CDB00D78DCA /* Build configuration list for PBXProject "iquiz" */ = {
			isa = XCConfigurationList;
			buildConfigurations = (
				BAB5456021895CDC00D78DCA /* Debug */,
				BAB5456121895CDC00D78DCA /* Release */,
			);
			defaultConfigurationIsVisible = 0;
			defaultConfigurationName = Release;
		};
		BAB5456221895CDC00D78DCA /* Build configuration list for PBXNativeTarget "iquiz" */ = {
			isa = XCConfigurationList;
			buildConfigurations = (
				BAB5456321895CDC00D78DCA /* Debug */,
				BAB5456421895CDC00D78DCA /* Release */,
			);
			defaultConfigurationIsVisible = 0;
			defaultConfigurationName = Release;
		};
/* End XCConfigurationList section */
	};
	rootObject = BAB5454821895CDB00D78DCA /* Project object */;
}
